version = 1
revision = 3
requires-python = "==3.12.*"

[[package]]
name = "altgraph"
version = "0.17.5"
source = { registry = "https://pypi.org/simple" }
sdist = { url = "https://files.pythonhosted.org/packages/7e/f8/97fdf103f38fed6792a1601dbc16cc8aac56e7459a9fff08c812d8ae177a/altgraph-0.17.5.tar.gz", hash = "sha256:c87b395dd12fabde9c99573a9749d67da8d29ef9de0125c7f536699b4a9bc9e7", size = 48428, upload-time = "2025-11-21T20:35:50.583Z" }
wheels = [
    { url = "https://files.pythonhosted.org/packages/a9/ba/000a1996d4308bc65120167c21241a3b205464a2e0b58deda26ae8ac21d1/altgraph-0.17.5-py2.py3-none-any.whl", hash = "sha256:f3a22400bce1b0c701683820ac4f3b159cd301acab067c51c653e06961600597", size = 21228, upload-time = "2025-11-21T20:35:49.444Z" },
]

[[package]]
name = "app-reconciliator"
version = "1.0.0"
source = { editable = "." }
dependencies = [
    { name = "numpy" },
    { name = "openpyxl" },
    { name = "pandas" },
    { name = "pyqt5" },
    { name = "pyqt5-qt5" },
    { name = "pywin32" },
    { name = "xlsxwriter" },
]

[package.dev-dependencies]
dev = [
    { name = "pyinstaller" },
]

[package.metadata]
requires-dist = [
    { name = "numpy", specifier = ">=1.26,<2" },
    { name = "openpyxl", specifier = ">=3.1,<4" },
    { name = "pandas", specifier = ">=2.2,<3" },
    { name = "pyqt5", specifier = ">=5.15,<6" },
    { name = "pyqt5-qt5", specifier = "==5.15.2" },
    { name = "pywin32", specifier = ">=306" },
    { name = "xlsxwriter", specifier = ">=3.2,<4" },
]

[package.metadata.requires-dev]
dev = [{ name = "pyinstaller", specifier = ">=6.10,<7" }]

[[package]]
name = "et-xmlfile"
version = "2.0.0"
source = { registry = "https://pypi.org/simple" }
sdist = { url = "https://files.pythonhosted.org/packages/d3/38/af70d7ab1ae9d4da450eeec1fa3918940a5fafb9055e934af8d6eb0c2313/et_xmlfile-2.0.0.tar.gz", hash = "sha256:dab3f4764309081ce75662649be815c4c9081e88f0837825f90fd28317d4da54", size = 17234, upload-time = "2024-10-25T17:25:40.039Z" }
wheels = [
    { url = "https://files.pythonhosted.org/packages/c1/8b/5fe2cc11fee489817272089c4203e679c63b570a5aaeb18d852ae3cbba6a/et_xmlfile-2.0.0-py3-none-any.whl", hash = "sha256:7a91720bc756843502c3b7504c77b8fe44217c85c537d85037f0f536151b2caa", size = 18059, upload-time = "2024-10-25T17:25:39.051Z" },
]

[[package]]
name = "macholib"
version = "1.16.4"
source = { registry = "https://pypi.org/simple" }
dependencies = [
    { name = "altgraph" },
]
sdist = { url = "https://files.pythonhosted.org/packages/10/2f/97589876ea967487978071c9042518d28b958d87b17dceb7cdc1d881f963/macholib-1.16.4.tar.gz", hash = "sha256:f408c93ab2e995cd2c46e34fe328b130404be143469e41bc366c807448979362", size = 59427, upload-time = "2025-11-22T08:28:38.373Z" }
wheels = [
    { url = "https://files.pythonhosted.org/packages/c7/d1/a9f36f8ecdf0fb7c9b1e78c8d7af12b8c8754e74851ac7b94a8305540fc7/macholib-1.16.4-py2.py3-none-any.whl", hash = "sha256:da1a3fa8266e30f0ce7e97c6a54eefaae8edd1e5f86f3eb8b95457cae90265ea", size = 38117, upload-time = "2025-11-22T08:28:36.939Z" },
]

[[package]]
name = "numpy"
version = "1.26.4"
source = { registry = "https://pypi.org/simple" }
sdist = { url = "https://files.pythonhosted.org/packages/65/6e/09db70a523a96d25e115e71cc56a6f9031e7b8cd166c1ac8438307c14058/numpy-1.26.4.tar.gz", hash = "sha256:2a02aba9ed12e4ac4eb3ea9421c420301a0c6460d9830d74a9df87efa4912010", size = 15786129, upload-time = "2024-02-06T00:26:44.495Z" }
wheels = [
    { url = "https://files.pythonhosted.org/packages/95/12/8f2020a8e8b8383ac0177dc9570aad031a3beb12e38847f7129bacd96228/numpy-1.26.4-cp312-cp312-macosx_10_9_x86_64.whl", hash = "sha256:b3ce300f3644fb06443ee2222c2201dd3a89ea6040541412b8fa189341847218", size = 20335901, upload-time = "2024-02-05T23:55:32.801Z" },
    { url = "https://files.pythonhosted.org/packages/75/5b/ca6c8bd14007e5ca171c7c03102d17b4f4e0ceb53957e8c44343a9546dcc/numpy-1.26.4-cp312-cp312-macosx_11_0_arm64.whl", hash = "sha256:03a8c78d01d9781b28a6989f6fa1bb2c4f2d51201cf99d3dd875df6fbd96b23b", size = 13685868, upload-time = "2024-02-05T23:55:56.28Z" },
    { url = "https://files.pythonhosted.org/packages/79/f8/97f10e6755e2a7d027ca783f63044d5b1bc1ae7acb12afe6a9b4286eac17/numpy-1.26.4-cp312-cp312-manylinux_2_17_aarch64.manylinux2014_aarch64.whl", hash = "sha256:9fad7dcb1aac3c7f0584a5a8133e3a43eeb2fe127f47e3632d43d677c66c102b", size = 13925109, upload-time = "2024-02-05T23:56:20.368Z" },
    { url = "https://files.pythonhosted.org/packages/0f/50/de23fde84e45f5c4fda2488c759b69990fd4512387a8632860f3ac9cd225/numpy-1.26.4-cp312-cp312-manylinux_2_17_x86_64.manylinux2014_x86_64.whl", hash = "sha256:675d61ffbfa78604709862923189bad94014bef562cc35cf61d3a07bba02a7ed", size = 17950613, upload-time = "2024-02-05T23:56:56.054Z" },
    { url = "https://files.pythonhosted.org/packages/4c/0c/9c603826b6465e82591e05ca230dfc13376da512b25ccd0894709b054ed0/numpy-1.26.4-cp312-cp312-musllinux_1_1_aarch64.whl", hash = "sha256:ab47dbe5cc8210f55aa58e4805fe224dac469cde56b9f731a4c098b91917159a", size = 13572172, upload-time = "2024-02-05T23:57:21.56Z" },
    { url = "https://files.pythonhosted.org/packages/76/8c/2ba3902e1a0fc1c74962ea9bb33a534bb05984ad7ff9515bf8d07527cadd/numpy-1.26.4-cp312-cp312-musllinux_1_1_x86_64.whl", hash = "sha256:1dda2e7b4ec9dd512f84935c5f126c8bd8b9f2fc001e9f54af255e8c5f16b0e0", size = 17786643, upload-time = "2024-02-05T23:57:56.585Z" },
    { url = "https://files.pythonhosted.org/packages/28/4a/46d9e65106879492374999e76eb85f87b15328e06bd1550668f79f7b18c6/numpy-1.26.4-cp312-cp312-win32.whl", hash = "sha256:50193e430acfc1346175fcbdaa28ffec49947a06918b7b92130744e81e640110", size = 5677803, upload-time = "2024-02-05T23:58:08.963Z" },
    { url = "https://files.pythonhosted.org/packages/16/2e/86f24451c2d530c88daf997cb8d6ac622c1d40d19f5a031ed68a4b73a374/numpy-1.26.4-cp312-cp312-win_amd64.whl", hash = "sha256:08beddf13648eb95f8d867350f6a018a4be2e5ad54c8d8caed89ebca558b2818", size = 15517754, upload-time = "2024-02-05T23:58:36.364Z" },
]

[[package]]
name = "openpyxl"
version = "3.1.5"
source = { registry = "https://pypi.org/simple" }
dependencies = [
    { name = "et-xmlfile" },
]
sdist = { url = "https://files.pythonhosted.org/packages/3d/f9/88d94a75de065ea32619465d2f77b29a0469500e99012523b91cc4141cd1/openpyxl-3.1.5.tar.gz", hash = "sha256:cf0e3cf56142039133628b5acffe8ef0c12bc902d2aadd3e0fe5878dc08d1050", size = 186464, upload-time = "2024-06-28T14:03:44.161Z" }
wheels = [
    { url = "https://files.pythonhosted.org/packages/c0/da/977ded879c29cbd04de313843e76868e6e13408a94ed6b987245dc7c8506/openpyxl-3.1.5-py2.py3-none-any.whl", hash = "sha256:5282c12b107bffeef825f4617dc029afaf41d0ea60823bbb665ef3079dc79de2", size = 250910, upload-time = "2024-06-28T14:03:41.161Z" },
]

[[package]]
name = "packaging"
version = "26.0"
source = { registry = "https://pypi.org/simple" }
sdist = { url = "https://files.pythonhosted.org/packages/65/ee/299d360cdc32edc7d2cf530f3accf79c4fca01e96ffc950d8a52213bd8e4/packaging-26.0.tar.gz", hash = "sha256:00243ae351a257117b6a241061796684b084ed1c516a08c48a3f7e147a9d80b4", size = 143416, upload-time = "2026-01-21T20:50:39.064Z" }
wheels = [
    { url = "https://files.pythonhosted.org/packages/b7/b9/c538f279a4e237a006a2c98387d081e9eb060d203d8ed34467cc0f0b9b53/packaging-26.0-py3-none-any.whl", hash = "sha256:b36f1fef9334a5588b4166f8bcd26a14e521f2b55e6b9de3aaa80d3ff7a37529", size = 74366, upload-time = "2026-01-21T20:50:37.788Z" },
]

[[package]]
name = "pandas"
version = "2.3.3"
source = { registry = "https://pypi.org/simple" }
dependencies = [
    { name = "numpy" },
    { name = "python-dateutil" },
    { name = "pytz" },
    { name = "tzdata" },
]
sdist = { url = "https://files.pythonhosted.org/packages/33/01/d40b85317f86cf08d853a4f495195c73815fdf205eef3993821720274518/pandas-2.3.3.tar.gz", hash = "sha256:e05e1af93b977f7eafa636d043f9f94c7ee3ac81af99c13508215942e64c993b", size = 4495223, upload-time = "2025-09-29T23:34:51.853Z" }
wheels = [
    { url = "https://files.pythonhosted.org/packages/9c/fb/231d89e8637c808b997d172b18e9d4a4bc7bf31296196c260526055d1ea0/pandas-2.3.3-cp312-cp312-macosx_10_13_x86_64.whl", hash = "sha256:6d21f6d74eb1725c2efaa71a2bfc661a0689579b58e9c0ca58a739ff0b002b53", size = 11597846, upload-time = "2025-09-29T23:19:48.856Z" },
    { url = "https://files.pythonhosted.org/packages/5c/bd/bf8064d9cfa214294356c2d6702b716d3cf3bb24be59287a6a21e24cae6b/pandas-2.3.3-cp312-cp312-macosx_11_0_arm64.whl", hash = "sha256:3fd2f887589c7aa868e02632612ba39acb0b8948faf5cc58f0850e165bd46f35", size = 10729618, upload-time = "2025-09-29T23:39:08.659Z" },
    { url = "https://files.pythonhosted.org/packages/57/56/cf2dbe1a3f5271370669475ead12ce77c61726ffd19a35546e31aa8edf4e/pandas-2.3.3-cp312-cp312-manylinux_2_24_aarch64.manylinux_2_28_aarch64.whl", hash = "sha256:ecaf1e12bdc03c86ad4a7ea848d66c685cb6851d807a26aa245ca3d2017a1908", size = 11737212, upload-time = "2025-09-29T23:19:59.765Z" },
    { url = "https://files.pythonhosted.org/packages/e5/63/cd7d615331b328e287d8233ba9fdf191a9c2d11b6af0c7a59cfcec23de68/pandas-2.3.3-cp312-cp312-manylinux_2_24_x86_64.manylinux_2_28_x86_64.whl", hash = "sha256:b3d11d2fda7eb164ef27ffc14b4fcab16a80e1ce67e9f57e19ec0afaf715ba89", size = 12362693, upload-time = "2025-09-29T23:20:14.098Z" },
    { url = "https://files.pythonhosted.org/packages/a6/de/8b1895b107277d52f2b42d3a6806e69cfef0d5cf1d0ba343470b9d8e0a04/pandas-2.3.3-cp312-cp312-musllinux_1_2_aarch64.whl", hash = "sha256:a68e15f780eddf2b07d242e17a04aa187a7ee12b40b930bfdd78070556550e98", size = 12771002, upload-time = "2025-09-29T23:20:26.76Z" },
    { url = "https://files.pythonhosted.org/packages/87/21/84072af3187a677c5893b170ba2c8fbe450a6ff911234916da889b698220/pandas-2.3.3-cp312-cp312-musllinux_1_2_x86_64.whl", hash = "sha256:371a4ab48e950033bcf52b6527eccb564f52dc826c02afd9a1bc0ab731bba084", size = 13450971, upload-time = "2025-09-29T23:20:41.344Z" },
    { url = "https://files.pythonhosted.org/packages/86/41/585a168330ff063014880a80d744219dbf1dd7a1c706e75ab3425a987384/pandas-2.3.3-cp312-cp312-win_amd64.whl", hash = "sha256:a16dcec078a01eeef8ee61bf64074b4e524a2a3f4b3be9326420cabe59c4778b", size = 10992722, upload-time = "2025-09-29T23:20:54.139Z" },
]

[[package]]
name = "pefile"
version = "2024.8.26"
source = { registry = "https://pypi.org/simple" }
sdist = { url = "https://files.pythonhosted.org/packages/03/4f/2750f7f6f025a1507cd3b7218691671eecfd0bbebebe8b39aa0fe1d360b8/pefile-2024.8.26.tar.gz", hash = "sha256:3ff6c5d8b43e8c37bb6e6dd5085658d658a7a0bdcd20b6a07b1fcfc1c4e9d632", size = 76008, upload-time = "2024-08-26T20:58:38.155Z" }
wheels = [
    { url = "https://files.pythonhosted.org/packages/54/16/12b82f791c7f50ddec566873d5bdd245baa1491bac11d15ffb98aecc8f8b/pefile-2024.8.26-py3-none-any.whl", hash = "sha256:76f8b485dcd3b1bb8166f1128d395fa3d87af26360c2358fb75b80019b957c6f", size = 74766, upload-time = "2024-08-26T21:01:02.632Z" },
]

[[package]]
name = "pyinstaller"
version = "6.19.0"
source = { registry = "https://pypi.org/simple" }
dependencies = [
    { name = "altgraph" },
    { name = "macholib", marker = "sys_platform == 'darwin'" },
    { name = "packaging" },
    { name = "pefile", marker = "sys_platform == 'win32'" },
    { name = "pyinstaller-hooks-contrib" },
    { name = "pywin32-ctypes", marker = "sys_platform == 'win32'" },
    { name = "setuptools" },
]
sdist = { url = "https://files.pythonhosted.org/packages/c8/63/fd62472b6371d89dc138d40c36d87a50dc2de18a035803bbdc376b4ffac4/pyinstaller-6.19.0.tar.gz", hash = "sha256:ec73aeb8bd9b7f2f1240d328a4542e90b3c6e6fbc106014778431c616592a865", size = 4036072, upload-time = "2026-02-14T18:06:28.718Z" }
wheels = [
    { url = "https://files.pythonhosted.org/packages/e3/eb/23374721fecfa72677e79800921cb6aceefa6ba48574dc404f3f6c6c3be7/pyinstaller-6.19.0-py3-none-macosx_10_13_universal2.whl", hash = "sha256:4190e76b74f0c4b5c5f11ac360928cd2e36ec8e3194d437bf6b8648c7bc0c134", size = 1040563, upload-time = "2026-02-14T18:05:22.436Z" },
    { url = "https://files.pythonhosted.org/packages/cd/7e/dfd724b0b533f5aaec0ee5df406fe2319987ed6964480a706f85478b12ea/pyinstaller-6.19.0-py3-none-manylinux2014_aarch64.whl", hash = "sha256:8bd68abd812d8a6ba33b9f1810e91fee0f325969733721b78151f0065319ca11", size = 735477, upload-time = "2026-02-14T18:05:27.143Z" },
    { url = "https://files.pythonhosted.org/packages/88/c9/ee3a4101c31f26344e66896c73c1fd6ed8282bf871473365b7f8674af406/pyinstaller-6.19.0-py3-none-manylinux2014_i686.whl", hash = "sha256:1ec54ef967996ca61dacba676227e2b23219878ccce5ee9d6f3aada7b8ed8abf", size = 747143, upload-time = "2026-02-14T18:05:31.488Z" },
    { url = "https://files.pythonhosted.org/packages/da/0a/fc77e9f861be8cf300ac37155f59cc92aff99b29f2ddd78546f563a5b5a6/pyinstaller-6.19.0-py3-none-manylinux2014_ppc64le.whl", hash = "sha256:4ab2bb52e58448e14ddf9450601bdedd66800465043501c1d8f1cab87b60b122", size = 744849, upload-time = "2026-02-14T18:05:35.492Z" },
    { url = "https://files.pythonhosted.org/packages/6d/e3/6872e020ee758afe0b821663858492c10745608b07150e5e2c824a5b3e1c/pyinstaller-6.19.0-py3-none-manylinux2014_s390x.whl", hash = "sha256:da6d5c6391ccefe73554b9fa29b86001c8e378e0f20c2a4004f836ba537eff63", size = 741590, upload-time = "2026-02-14T18:05:39.59Z" },
    { url = "https://files.pythonhosted.org/packages/53/60/b8db5f1a4b0fb228175f2ea0aa33f949adcc097fbe981cc524f9faf85777/pyinstaller-6.19.0-py3-none-manylinux2014_x86_64.whl", hash = "sha256:a0fc5f6b3c55aa54353f0c74ffa59b1115433c1850c6f655d62b461a2ed6cbbe", size = 741448, upload-time = "2026-02-14T18:05:45.636Z" },
    { url = "https://files.pythonhosted.org/packages/6f/4d/63b0600f2694e9141b83129fbc1c488ec84d5a0770b1448ec154dcd0fee9/pyinstaller-6.19.0-py3-none-musllinux_1_1_aarch64.whl", hash = "sha256:e649ba6bd1b0b89b210ad92adb5fbdc8a42dd2c5ca4f72ef3a0bfec83a424b83", size = 740613, upload-time = "2026-02-14T18:05:49.726Z" },
    { url = "https://files.pythonhosted.org/packages/01/d4/e812ad36178093a0e9fd4b8127577748dd85b0cb71de912229dca21fd741/pyinstaller-6.19.0-py3-none-musllinux_1_1_x86_64.whl", hash = "sha256:481a909c8e60c8692fc60fcb1344d984b44b943f8bc9682f2fcdae305ad297e6", size = 740350, upload-time = "2026-02-14T18:05:54.093Z" },
    { url = "https://files.pythonhosted.org/packages/52/03/b2c2ee41fb8e10fd2a45d21f5ec2ef25852cfb978dbf762972eed59e3d63/pyinstaller-6.19.0-py3-none-win32.whl", hash = "sha256:3c5c251054fe4cfaa04c34a363dcfbf811545438cb7198304cd444756bc2edd2", size = 1324317, upload-time = "2026-02-14T18:06:00.085Z" },
    { url = "https://files.pythonhosted.org/packages/9c/d3/6d5e62b8270e2b53a6065e281b3a7785079b00e9019c8019952828dd1669/pyinstaller-6.19.0-py3-none-win_amd64.whl", hash = "sha256:b5bb6536c6560330d364d91522250f254b107cf69129d9cbcd0e6727c570be33", size = 1384894, upload-time = "2026-02-14T18:06:06.425Z" },
    { url = "https://files.pythonhosted.org/packages/81/65/458cd523308a101a22fd2742893405030cc24994cc74b1b767cecf137160/pyinstaller-6.19.0-py3-none-win_arm64.whl", hash = "sha256:c2d5a539b0bfe6159d5522c8c70e1c0e487f22c2badae0f97d45246223b798ea", size = 1325374, upload-time = "2026-02-14T18:06:12.804Z" },
]

[[package]]
name = "pyinstaller-hooks-contrib"
version = "2026.3"
source = { registry = "https://pypi.org/simple" }
dependencies = [
    { name = "packaging" },
    { name = "setuptools" },
]
sdist = { url = "https://files.pythonhosted.org/packages/80/17/716326f6ba18d0663f7995ae369c23e50efebc22fbb054e9710a45688f61/pyinstaller_hooks_contrib-2026.3.tar.gz", hash = "sha256:800d3a198a49a6cd0de2d7fb795005fdca7a0222ed9cb47c0691abd1c27b9310", size = 172323, upload-time = "2026-03-09T22:44:06.345Z" }
wheels = [
    { url = "https://files.pythonhosted.org/packages/ed/19/781352446af28755f16ce52b2d97f7a6f2d7974ac34c00ca5cd8c40c9098/pyinstaller_hooks_contrib-2026.3-py3-none-any.whl", hash = "sha256:5ecd1068ad262afecadf07556279d2be52ca93a88b049fae17f1a2eb2969254a", size = 454625, upload-time = "2026-03-09T22:44:04.717Z" },
]

[[package]]
name = "pyqt5"
version = "5.15.11"
source = { registry = "https://pypi.org/simple" }
dependencies = [
    { name = "pyqt5-qt5" },
    { name = "pyqt5-sip" },
]
sdist = { url = "https://files.pythonhosted.org/packages/0e/07/c9ed0bd428df6f87183fca565a79fee19fa7c88c7f00a7f011ab4379e77a/PyQt5-5.15.11.tar.gz", hash = "sha256:fda45743ebb4a27b4b1a51c6d8ef455c4c1b5d610c90d2934c7802b5c1557c52", size = 3216775, upload-time = "2024-07-19T08:39:57.756Z" }
wheels = [
    { url = "https://files.pythonhosted.org/packages/11/64/42ec1b0bd72d87f87bde6ceb6869f444d91a2d601f2e67cd05febc0346a1/PyQt5-5.15.11-cp38-abi3-macosx_11_0_arm64.whl", hash = "sha256:c8b03dd9380bb13c804f0bdb0f4956067f281785b5e12303d529f0462f9afdc2", size = 6579776, upload-time = "2024-07-19T08:39:19.775Z" },
    { url = "https://files.pythonhosted.org/packages/49/f5/3fb696f4683ea45d68b7e77302eff173493ac81e43d63adb60fa760b9f91/PyQt5-5.15.11-cp38-abi3-macosx_11_0_x86_64.whl", hash = "sha256:6cd75628f6e732b1ffcfe709ab833a0716c0445d7aec8046a48d5843352becb6", size = 7016415, upload-time = "2024-07-19T08:39:32.977Z" },
    { url = "https://files.pythonhosted.org/packages/b4/8c/4065950f9d013c4b2e588fe33cf04e564c2322842d84dbcbce5ba1dc28b0/PyQt5-5.15.11-cp38-abi3-manylinux_2_17_x86_64.whl", hash = "sha256:cd672a6738d1ae33ef7d9efa8e6cb0a1525ecf53ec86da80a9e1b6ec38c8d0f1", size = 8188103, upload-time = "2024-07-19T08:39:40.561Z" },
    { url = "https://files.pythonhosted.org/packages/f3/f0/ae5a5b4f9b826b29ea4be841b2f2d951bcf5ae1d802f3732b145b57c5355/PyQt5-5.15.11-cp38-abi3-win32.whl", hash = "sha256:76be0322ceda5deecd1708a8d628e698089a1cea80d1a49d242a6d579a40babd", size = 5433308, upload-time = "2024-07-19T08:39:46.932Z" },
    { url = "https://files.pythonhosted.org/packages/56/d5/68eb9f3d19ce65df01b6c7b7a577ad3bbc9ab3a5dd3491a4756e71838ec9/PyQt5-5.15.11-cp38-abi3-win_amd64.whl", hash = "sha256:bdde598a3bb95022131a5c9ea62e0a96bd6fb28932cc1619fd7ba211531b7517", size = 6865864, upload-time = "2024-07-19T08:39:53.572Z" },
]

[[package]]
name = "pyqt5-qt5"
version = "5.15.2"
source = { registry = "https://pypi.org/simple" }
wheels = [
    { url = "https://files.pythonhosted.org/packages/62/09/99a222b0360616250fb2e6003a54e43a2a06b0774f0f8d5daafb86a2c375/PyQt5_Qt5-5.15.2-py3-none-macosx_10_13_intel.whl", hash = "sha256:76980cd3d7ae87e3c7a33bfebfaee84448fd650bad6840471d6cae199b56e154", size = 40546019, upload-time = "2021-03-10T13:52:47.763Z" },
    { url = "https://files.pythonhosted.org/packages/83/d4/241a6a518d0bcf0a9fcdcbad5edfed18d43e884317eab8d5230a2b27e206/PyQt5_Qt5-5.15.2-py3-none-manylinux2014_x86_64.whl", hash = "sha256:1988f364ec8caf87a6ee5d5a3a5210d57539988bf8e84714c7d60972692e2f4a", size = 59921716, upload-time = "2021-03-10T13:57:39.485Z" },
    { url = "https://files.pythonhosted.org/packages/1c/7e/ce7c66a541a105fa98b41d6405fe84940564695e29fc7dccf6d9e8c5f898/PyQt5_Qt5-5.15.2-py3-none-win32.whl", hash = "sha256:9cc7a768b1921f4b982ebc00a318ccb38578e44e45316c7a4a850e953e1dd327", size = 43447358, upload-time = "2021-03-10T14:01:17.827Z" },
    { url = "https://files.pythonhosted.org/packages/37/97/5d3b222b924fa2ed4c2488925155cd0b03fd5d09ee1cfcf7c553c11c9f66/PyQt5_Qt5-5.15.2-py3-none-win_amd64.whl", hash = "sha256:750b78e4dba6bdf1607febedc08738e318ea09e9b10aea9ff0d73073f11f6962", size = 50075158, upload-time = "2021-03-10T14:05:20.868Z" },
]

[[package]]
name = "pyqt5-sip"
version = "12.18.0"
source = { registry = "https://pypi.org/simple" }
sdist = { url = "https://files.pythonhosted.org/packages/f3/31/5ef342de9faee0f3801088946ae103db9b9eaeba3d6a64fefd5ce74df244/pyqt5_sip-12.18.0.tar.gz", hash = "sha256:71c37db75a0664325de149f43e2a712ec5fa1f90429a21dafbca005cb6767f94", size = 104143, upload-time = "2026-01-13T15:53:19.576Z" }
wheels = [
    { url = "https://files.pythonhosted.org/packages/2a/61/6d78d702016ac23d2b97634a3b6a831c3f7735f0552a1c8b058db96005d1/pyqt5_sip-12.18.0-cp312-cp312-macosx_10_9_universal2.whl", hash = "sha256:b29e4cda24748e59e5bd1bdad4812091a86b4b5b08c38b7f781eb55a5166f2b7", size = 124614, upload-time = "2026-01-13T15:52:57.59Z" },
    { url = "https://files.pythonhosted.org/packages/19/bf/8f3efa10ddd3e76c1253865340ab7c2960ef96681d732b1f666c77430612/pyqt5_sip-12.18.0-cp312-cp312-manylinux1_x86_64.manylinux_2_5_x86_64.whl", hash = "sha256:163c2bba5e637c2222ec17d82a2c5aa158184a191923eb7d137cf4cfa0399529", size = 339412, upload-time = "2026-01-13T15:53:00.563Z" },
    { url = "https://files.pythonhosted.org/packages/72/48/f1bcf6729d01bae6729cd790b22fd579dbe34014e8be031e6f10c5b9b2aa/pyqt5_sip-12.18.0-cp312-cp312-manylinux_2_5_x86_64.manylinux1_x86_64.whl", hash = "sha256:ead5e0a64ad852ac60797989d8444a6a5bd834768536b04a07b40b2937d922f6", size = 282376, upload-time = "2026-01-13T15:52:59.172Z" },
    { url = "https://files.pythonhosted.org/packages/dd/b7/d84c764ac9f1366be561255ec9bd88ee224fefdbdb349aee250f3003f0ca/pyqt5_sip-12.18.0-cp312-cp312-win32.whl", hash = "sha256:993fe3ed9a62a92e770f32d5344e3df56c2cacf1471f01b7feaf04818a2df1c4", size = 49523, upload-time = "2026-01-13T15:53:03.068Z" },
    { url = "https://files.pythonhosted.org/packages/ab/e7/ef87178d5afa5f63be38556dc0df8af89f9bf74f2555f4dab6824c0fd150/pyqt5_sip-12.18.0-cp312-cp312-win_amd64.whl", hash = "sha256:9b689e02e400abd1ce0a30cd6eae8eceabcf1bbba0395cb5c86e64ba74351d68", size = 58001, upload-time = "2026-01-13T15:53:02.15Z" },
]

[[package]]
name = "python-dateutil"
version = "2.9.0.post0"
source = { registry = "https://pypi.org/simple" }
dependencies = [
    { name = "six" },
]
sdist = { url = "https://files.pythonhosted.org/packages/66/c0/0c8b6ad9f17a802ee498c46e004a0eb49bc148f2fd230864601a86dcf6db/python-dateutil-2.9.0.post0.tar.gz", hash = "sha256:37dd54208da7e1cd875388217d5e00ebd4179249f90fb72437e91a35459a0ad3", size = 342432, upload-time = "2024-03-01T18:36:20.211Z" }
wheels = [
    { url = "https://files.pythonhosted.org/packages/ec/57/56b9bcc3c9c6a792fcbaf139543cee77261f3651ca9da0c93f5c1221264b/python_dateutil-2.9.0.post0-py2.py3-none-any.whl", hash = "sha256:a8b2bc7bffae282281c8140a97d3aa9c14da0b136dfe83f850eea9a5f7470427", size = 229892, upload-time = "2024-03-01T18:36:18.57Z" },
]

[[package]]
name = "pytz"
version = "2026.1.post1"
source = { registry = "https://pypi.org/simple" }
sdist = { url = "https://files.pythonhosted.org/packages/56/db/b8721d71d945e6a8ac63c0fc900b2067181dbb50805958d4d4661cf7d277/pytz-2026.1.post1.tar.gz", hash = "sha256:3378dde6a0c3d26719182142c56e60c7f9af7e968076f31aae569d72a0358ee1", size = 321088, upload-time = "2026-03-03T07:47:50.683Z" }
wheels = [
    { url = "https://files.pythonhosted.org/packages/10/99/781fe0c827be2742bcc775efefccb3b048a3a9c6ce9aec0cbf4a101677e5/pytz-2026.1.post1-py2.py3-none-any.whl", hash = "sha256:f2fd16142fda348286a75e1a524be810bb05d444e5a081f37f7affc635035f7a", size = 510489, upload-time = "2026-03-03T07:47:49.167Z" },
]

[[package]]
name = "pywin32"
version = "311"
source = { registry = "https://pypi.org/simple" }
wheels = [
    { url = "https://files.pythonhosted.org/packages/e7/ab/01ea1943d4eba0f850c3c61e78e8dd59757ff815ff3ccd0a84de5f541f42/pywin32-311-cp312-cp312-win32.whl", hash = "sha256:750ec6e621af2b948540032557b10a2d43b0cee2ae9758c54154d711cc852d31", size = 8706543, upload-time = "2025-07-14T20:13:20.765Z" },
    { url = "https://files.pythonhosted.org/packages/d1/a8/a0e8d07d4d051ec7502cd58b291ec98dcc0c3fff027caad0470b72cfcc2f/pywin32-311-cp312-cp312-win_amd64.whl", hash = "sha256:b8c095edad5c211ff31c05223658e71bf7116daa0ecf3ad85f3201ea3190d067", size = 9495040, upload-time = "2025-07-14T20:13:22.543Z" },
    { url = "https://files.pythonhosted.org/packages/ba/3a/2ae996277b4b50f17d61f0603efd8253cb2d79cc7ae159468007b586396d/pywin32-311-cp312-cp312-win_arm64.whl", hash = "sha256:e286f46a9a39c4a18b319c28f59b61de793654af2f395c102b4f819e584b5852", size = 8710102, upload-time = "2025-07-14T20:13:24.682Z" },
]

[[package]]
name = "pywin32-ctypes"
version = "0.2.3"
source = { registry = "https://pypi.org/simple" }
sdist = { url = "https://files.pythonhosted.org/packages/85/9f/01a1a99704853cb63f253eea009390c88e7131c67e66a0a02099a8c917cb/pywin32-ctypes-0.2.3.tar.gz", hash = "sha256:d162dc04946d704503b2edc4d55f3dba5c1d539ead017afa00142c38b9885755", size = 29471, upload-time = "2024-08-14T10:15:34.626Z" }
wheels = [
    { url = "https://files.pythonhosted.org/packages/de/3d/8161f7711c017e01ac9f008dfddd9410dff3674334c233bde66e7ba65bbf/pywin32_ctypes-0.2.3-py3-none-any.whl", hash = "sha256:8a1513379d709975552d202d942d9837758905c8d01eb82b8bcc30918929e7b8", size = 30756, upload-time = "2024-08-14T10:15:33.187Z" },
]

[[package]]
name = "setuptools"
version = "82.0.1"
source = { registry = "https://pypi.org/simple" }
sdist = { url = "https://files.pythonhosted.org/packages/4f/db/cfac1baf10650ab4d1c111714410d2fbb77ac5a616db26775db562c8fab2/setuptools-82.0.1.tar.gz", hash = "sha256:7d872682c5d01cfde07da7bccc7b65469d3dca203318515ada1de5eda35efbf9", size = 1152316, upload-time = "2026-03-09T12:47:17.221Z" }
wheels = [
    { url = "https://files.pythonhosted.org/packages/9d/76/f789f7a86709c6b087c5a2f52f911838cad707cc613162401badc665acfe/setuptools-82.0.1-py3-none-any.whl", hash = "sha256:a59e362652f08dcd477c78bb6e7bd9d80a7995bc73ce773050228a348ce2e5bb", size = 1006223, upload-time = "2026-03-09T12:47:15.026Z" },
]

[[package]]
name = "six"
version = "1.17.0"
source = { registry = "https://pypi.org/simple" }
sdist = { url = "https://files.pythonhosted.org/packages/94/e7/b2c673351809dca68a0e064b6af791aa332cf192da575fd474ed7d6f16a2/six-1.17.0.tar.gz", hash = "sha256:ff70335d468e7eb6ec65b95b99d3a2836546063f63acc5171de367e834932a81", size = 34031, upload-time = "2024-12-04T17:35:28.174Z" }
wheels = [
    { url = "https://files.pythonhosted.org/packages/b7/ce/149a00dd41f10bc29e5921b496af8b574d8413afcd5e30dfa0ed46c2cc5e/six-1.17.0-py2.py3-none-any.whl", hash = "sha256:4721f391ed90541fddacab5acf947aa0d3dc7d27b2e1e8eda2be8970586c3274", size = 11050, upload-time = "2024-12-04T17:35:26.475Z" },
]

[[package]]
name = "tzdata"
version = "2025.3"
source = { registry = "https://pypi.org/simple" }
sdist = { url = "https://files.pythonhosted.org/packages/5e/a7/c202b344c5ca7daf398f3b8a477eeb205cf3b6f32e7ec3a6bac0629ca975/tzdata-2025.3.tar.gz", hash = "sha256:de39c2ca5dc7b0344f2eba86f49d614019d29f060fc4ebc8a417896a620b56a7", size = 196772, upload-time = "2025-12-13T17:45:35.667Z" }
wheels = [
    { url = "https://files.pythonhosted.org/packages/c7/b0/003792df09decd6849a5e39c28b513c06e84436a54440380862b5aeff25d/tzdata-2025.3-py2.py3-none-any.whl", hash = "sha256:06a47e5700f3081aab02b2e513160914ff0694bce9947d6b76ebd6bf57cfc5d1", size = 348521, upload-time = "2025-12-13T17:45:33.889Z" },
]

[[package]]
name = "xlsxwriter"
version = "3.2.9"
source = { registry = "https://pypi.org/simple" }
sdist = { url = "https://files.pythonhosted.org/packages/46/2c/c06ef49dc36e7954e55b802a8b231770d286a9758b3d936bd1e04ce5ba88/xlsxwriter-3.2.9.tar.gz", hash = "sha256:254b1c37a368c444eac6e2f867405cc9e461b0ed97a3233b2ac1e574efb4140c", size = 215940, upload-time = "2025-09-16T00:16:21.63Z" }
wheels = [
    { url = "https://files.pythonhosted.org/packages/3a/0c/3662f4a66880196a590b202f0db82d919dd2f89e99a27fadef91c4a33d41/xlsxwriter-3.2.9-py3-none-any.whl", hash = "sha256:9a5db42bc5dff014806c58a20b9eae7322a134abb6fce3c92c181bfb275ec5b3", size = 175315, upload-time = "2025-09-16T00:16:20.108Z" },
]
